// !$*UTF8*$!
{
	archiveVersion = 1;
	classes = {
	};
	objectVersion = 56;
	objects = {

/* Begin PBXBuildFile section */
		E432B1222965A6D4008CE2DC /* VirtualFileSystemView.swift in Sources */ = {isa = PBXBuildFile; fileRef = E432B1212965A6D4008CE2DC /* VirtualFileSystemView.swift */; };
		E432B13F2969F5DB008CE2DC /* VFSComponent.swift in Sources */ = {isa = PBXBuildFile; fileRef = E432B13E2969F5DB008CE2DC /* VFSComponent.swift */; };
		E43B541F295F773F00A0516E /* ListViews.swift in Sources */ = {isa = PBXBuildFile; fileRef = E43B541E295F773F00A0516E /* ListViews.swift */; };
		E48316E329562487008ED43A /* Settings.bundle in Resources */ = {isa = PBXBuildFile; fileRef = E48316E229562487008ED43A /* Settings.bundle */; };
		E48316EB29578D67008ED43A /* ProjectView.swift in Sources */ = {isa = PBXBuildFile; fileRef = E48316EA29578D67008ED43A /* ProjectView.swift */; };
		E48316EF29578E31008ED43A /* VirtualFileSystem.swift in Sources */ = {isa = PBXBuildFile; fileRef = E48316EE29578E31008ED43A /* VirtualFileSystem.swift */; };
		E48316F329578F89008ED43A /* CodeEditor.swift in Sources */ = {isa = PBXBuildFile; fileRef = E48316F229578F89008ED43A /* CodeEditor.swift */; };
		E48316F529578FB0008ED43A /* TerminalView.swift in Sources */ = {isa = PBXBuildFile; fileRef = E48316F429578FB0008ED43A /* TerminalView.swift */; };
		E48E28512943C440005CFDAE /* Project.swift in Sources */ = {isa = PBXBuildFile; fileRef = E48E28502943C440005CFDAE /* Project.swift */; };
		E4ABB7A9291EA78B00AE1E1D /* PyIDEApp.swift in Sources */ = {isa = PBXBuildFile; fileRef = E4ABB7A8291EA78B00AE1E1D /* PyIDEApp.swift */; };
		E4ABB7AD291EA78C00AE1E1D /* Assets.xcassets in Resources */ = {isa = PBXBuildFile; fileRef = E4ABB7AC291EA78C00AE1E1D /* Assets.xcassets */; };
		E4ABB7B0291EA78C00AE1E1D /* Preview Assets.xcassets in Resources */ = {isa = PBXBuildFile; fileRef = E4ABB7AF291EA78C00AE1E1D /* Preview Assets.xcassets */; };
		E4EBEE5129392D1000664DBB /* OptionsView.swift in Sources */ = {isa = PBXBuildFile; fileRef = E4EBEE5029392D1000664DBB /* OptionsView.swift */; };
		E4EBEE5329392E3100664DBB /* ProjectSelectionView.swift in Sources */ = {isa = PBXBuildFile; fileRef = E4EBEE5229392E3100664DBB /* ProjectSelectionView.swift */; };
		E4EBEE5C293931BA00664DBB /* Localizable.strings in Resources */ = {isa = PBXBuildFile; fileRef = E4EBEE5E293931BA00664DBB /* Localizable.strings */; };
		E4EBEE612939325500664DBB /* ProjectCreatingView.swift in Sources */ = {isa = PBXBuildFile; fileRef = E4EBEE602939325500664DBB /* ProjectCreatingView.swift */; };
/* End PBXBuildFile section */

/* Begin PBXFileReference section */
		E432B1212965A6D4008CE2DC /* VirtualFileSystemView.swift */ = {isa = PBXFileReference; lastKnownFileType = sourcecode.swift; path = VirtualFileSystemView.swift; sourceTree = "<group>"; };
		E432B13E2969F5DB008CE2DC /* VFSComponent.swift */ = {isa = PBXFileReference; lastKnownFileType = sourcecode.swift; path = VFSComponent.swift; sourceTree = "<group>"; };
		E43B541E295F773F00A0516E /* ListViews.swift */ = {isa = PBXFileReference; lastKnownFileType = sourcecode.swift; path = ListViews.swift; sourceTree = "<group>"; };
		E48316E229562487008ED43A /* Settings.bundle */ = {isa = PBXFileReference; lastKnownFileType = "wrapper.plug-in"; path = Settings.bundle; sourceTree = "<group>"; };
		E48316EA29578D67008ED43A /* ProjectView.swift */ = {isa = PBXFileReference; lastKnownFileType = sourcecode.swift; path = ProjectView.swift; sourceTree = "<group>"; };
		E48316EE29578E31008ED43A /* VirtualFileSystem.swift */ = {isa = PBXFileReference; lastKnownFileType = sourcecode.swift; path = VirtualFileSystem.swift; sourceTree = "<group>"; };
		E48316F229578F89008ED43A /* CodeEditor.swift */ = {isa = PBXFileReference; lastKnownFileType = sourcecode.swift; path = CodeEditor.swift; sourceTree = "<group>"; };
		E48316F429578FB0008ED43A /* TerminalView.swift */ = {isa = PBXFileReference; lastKnownFileType = sourcecode.swift; path = TerminalView.swift; sourceTree = "<group>"; };
		E48E28502943C440005CFDAE /* Project.swift */ = {isa = PBXFileReference; lastKnownFileType = sourcecode.swift; path = Project.swift; sourceTree = "<group>"; };
		E4ABB7A5291EA78B00AE1E1D /* PyIDE.app */ = {isa = PBXFileReference; explicitFileType = wrapper.application; includeInIndex = 0; path = PyIDE.app; sourceTree = BUILT_PRODUCTS_DIR; };
		E4ABB7A8291EA78B00AE1E1D /* PyIDEApp.swift */ = {isa = PBXFileReference; lastKnownFileType = sourcecode.swift; path = PyIDEApp.swift; sourceTree = "<group>"; };
		E4ABB7AC291EA78C00AE1E1D /* Assets.xcassets */ = {isa = PBXFileReference; lastKnownFileType = folder.assetcatalog; path = Assets.xcassets; sourceTree = "<group>"; };
		E4ABB7AF291EA78C00AE1E1D /* Preview Assets.xcassets */ = {isa = PBXFileReference; lastKnownFileType = folder.assetcatalog; path = "Preview Assets.xcassets"; sourceTree = "<group>"; };
		E4EBEE5029392D1000664DBB /* OptionsView.swift */ = {isa = PBXFileReference; lastKnownFileType = sourcecode.swift; path = OptionsView.swift; sourceTree = "<group>"; };
		E4EBEE5229392E3100664DBB /* ProjectSelectionView.swift */ = {isa = PBXFileReference; lastKnownFileType = sourcecode.swift; path = ProjectSelectionView.swift; sourceTree = "<group>"; };
		E4EBEE5D293931BA00664DBB /* en */ = {isa = PBXFileReference; lastKnownFileType = text.plist.strings; name = en; path = en.lproj/Localizable.strings; sourceTree = "<group>"; };
		E4EBEE5F293931BF00664DBB /* ru */ = {isa = PBXFileReference; lastKnownFileType = text.plist.strings; name = ru; path = ru.lproj/Localizable.strings; sourceTree = "<group>"; };
		E4EBEE602939325500664DBB /* ProjectCreatingView.swift */ = {isa = PBXFileReference; lastKnownFileType = sourcecode.swift; path = ProjectCreatingView.swift; sourceTree = "<group>"; };
/* End PBXFileReference section */

/* Begin PBXFrameworksBuildPhase section */
		E4ABB7A2291EA78A00AE1E1D /* Frameworks */ = {
			isa = PBXFrameworksBuildPhase;
			buildActionMask = 2147483647;
			files = (
			);
			runOnlyForDeploymentPostprocessing = 0;
		};
/* End PBXFrameworksBuildPhase section */

/* Begin PBXGroup section */
		E432B1232965AE48008CE2DC /* VirtualFileSystem */ = {
			isa = PBXGroup;
			children = (
				E48316EE29578E31008ED43A /* VirtualFileSystem.swift */,
				E432B1212965A6D4008CE2DC /* VirtualFileSystemView.swift */,
				E432B13E2969F5DB008CE2DC /* VFSComponent.swift */,
			);
			path = VirtualFileSystem;
			sourceTree = "<group>";
		};
		E4ABB79C291EA78A00AE1E1D = {
			isa = PBXGroup;
			children = (
				E4ABB7A7291EA78B00AE1E1D /* PyIDE */,
				E4ABB7A6291EA78B00AE1E1D /* Products */,
			);
			sourceTree = "<group>";
		};
		E4ABB7A6291EA78B00AE1E1D /* Products */ = {
			isa = PBXGroup;
			children = (
				E4ABB7A5291EA78B00AE1E1D /* PyIDE.app */,
			);
			name = Products;
			sourceTree = "<group>";
		};
		E4ABB7A7291EA78B00AE1E1D /* PyIDE */ = {
			isa = PBXGroup;
			children = (
				E432B1232965AE48008CE2DC /* VirtualFileSystem */,
				E4ABB7A8291EA78B00AE1E1D /* PyIDEApp.swift */,
				E4EBEE5229392E3100664DBB /* ProjectSelectionView.swift */,
				E4EBEE5029392D1000664DBB /* OptionsView.swift */,
				E4EBEE602939325500664DBB /* ProjectCreatingView.swift */,
				E4ABB7AC291EA78C00AE1E1D /* Assets.xcassets */,
				E4ABB7AE291EA78C00AE1E1D /* Preview Content */,
				E4EBEE5E293931BA00664DBB /* Localizable.strings */,
				E48316E229562487008ED43A /* Settings.bundle */,
				E48E28502943C440005CFDAE /* Project.swift */,
				E48316EA29578D67008ED43A /* ProjectView.swift */,
				E48316F229578F89008ED43A /* CodeEditor.swift */,
				E48316F429578FB0008ED43A /* TerminalView.swift */,
				E43B541E295F773F00A0516E /* ListViews.swift */,
			);
			path = PyIDE;
			sourceTree = "<group>";
		};
		E4ABB7AE291EA78C00AE1E1D /* Preview Content */ = {
			isa = PBXGroup;
			children = (
				E4ABB7AF291EA78C00AE1E1D /* Preview Assets.xcassets */,
			);
			path = "Preview Content";
			sourceTree = "<group>";
		};
/* End PBXGroup section */

/* Begin PBXNativeTarget section */
		E4ABB7A4291EA78A00AE1E1D /* PyIDE */ = {
			isa = PBXNativeTarget;
			buildConfigurationList = E4ABB7B3291EA78C00AE1E1D /* Build configuration list for PBXNativeTarget "PyIDE" */;
			buildPhases = (
				E4ABB7A1291EA78A00AE1E1D /* Sources */,
				E4ABB7A2291EA78A00AE1E1D /* Frameworks */,
				E4ABB7A3291EA78A00AE1E1D /* Resources */,
			);
			buildRules = (
			);
			dependencies = (
			);
			name = PyIDE;
			productName = PyIDE;
			productReference = E4ABB7A5291EA78B00AE1E1D /* PyIDE.app */;
			productType = "com.apple.product-type.application";
		};
/* End PBXNativeTarget section */

/* Begin PBXProject section */
		E4ABB79D291EA78A00AE1E1D /* Project object */ = {
			isa = PBXProject;
			attributes = {
				BuildIndependentTargetsInParallel = 1;
				LastSwiftUpdateCheck = 1410;
				LastUpgradeCheck = 1410;
				TargetAttributes = {
					E4ABB7A4291EA78A00AE1E1D = {
						CreatedOnToolsVersion = 14.1;
					};
				};
			};
			buildConfigurationList = E4ABB7A0291EA78A00AE1E1D /* Build configuration list for PBXProject "PyIDE" */;
			compatibilityVersion = "Xcode 14.0";
			developmentRegion = en;
			hasScannedForEncodings = 0;
			knownRegions = (
				en,
				Base,
				ru,
			);
			mainGroup = E4ABB79C291EA78A00AE1E1D;
			productRefGroup = E4ABB7A6291EA78B00AE1E1D /* Products */;
			projectDirPath = "";
			projectRoot = "";
			targets = (
				E4ABB7A4291EA78A00AE1E1D /* PyIDE */,
			);
		};
/* End PBXProject section */

/* Begin PBXResourcesBuildPhase section */
		E4ABB7A3291EA78A00AE1E1D /* Resources */ = {
			isa = PBXResourcesBuildPhase;
			buildActionMask = 2147483647;
			files = (
				E48316E329562487008ED43A /* Settings.bundle in Resources */,
				E4ABB7B0291EA78C00AE1E1D /* Preview Assets.xcassets in Resources */,
				E4EBEE5C293931BA00664DBB /* Localizable.strings in Resources */,
				E4ABB7AD291EA78C00AE1E1D /* Assets.xcassets in Resources */,
			);
			runOnlyForDeploymentPostprocessing = 0;
		};
/* End PBXResourcesBuildPhase section */

/* Begin PBXSourcesBuildPhase section */
		E4ABB7A1291EA78A00AE1E1D /* Sources */ = {
			isa = PBXSourcesBuildPhase;
			buildActionMask = 2147483647;
			files = (
				E48316F529578FB0008ED43A /* TerminalView.swift in Sources */,
				E48316F329578F89008ED43A /* CodeEditor.swift in Sources */,
				E43B541F295F773F00A0516E /* ListViews.swift in Sources */,
				E4EBEE5129392D1000664DBB /* OptionsView.swift in Sources */,
				E4ABB7A9291EA78B00AE1E1D /* PyIDEApp.swift in Sources */,
				E4EBEE5329392E3100664DBB /* ProjectSelectionView.swift in Sources */,
				E432B1222965A6D4008CE2DC /* VirtualFileSystemView.swift in Sources */,
				E48316EB29578D67008ED43A /* ProjectView.swift in Sources */,
				E48E28512943C440005CFDAE /* Project.swift in Sources */,
				E48316EF29578E31008ED43A /* VirtualFileSystem.swift in Sources */,
				E4EBEE612939325500664DBB /* ProjectCreatingView.swift in Sources */,
				E432B13F2969F5DB008CE2DC /* VFSComponent.swift in Sources */,
			);
			runOnlyForDeploymentPostprocessing = 0;
		};
/* End PBXSourcesBuildPhase section */

/* Begin PBXVariantGroup section */
		E4EBEE5E293931BA00664DBB /* Localizable.strings */ = {
			isa = PBXVariantGroup;
			children = (
				E4EBEE5D293931BA00664DBB /* en */,
				E4EBEE5F293931BF00664DBB /* ru */,
			);
			name = Localizable.strings;
			sourceTree = "<group>";
		};
/* End PBXVariantGroup section */

/* Begin XCBuildConfiguration section */
		E4ABB7B1291EA78C00AE1E1D /* Debug */ = {
			isa = XCBuildConfiguration;
			buildSettings = {
				ALWAYS_SEARCH_USER_PATHS = NO;
				CLANG_ANALYZER_NONNULL = YES;
				CLANG_ANALYZER_NUMBER_OBJECT_CONVERSION = YES_AGGRESSIVE;
				CLANG_CXX_LANGUAGE_STANDARD = "gnu++20";
				CLANG_ENABLE_MODULES = YES;
				CLANG_ENABLE_OBJC_ARC = YES;
				CLANG_ENABLE_OBJC_WEAK = YES;
				CLANG_WARN_BLOCK_CAPTURE_AUTORELEASING = YES;
				CLANG_WARN_BOOL_CONVERSION = YES;
				CLANG_WARN_COMMA = YES;
				CLANG_WARN_CONSTANT_CONVERSION = YES;
				CLANG_WARN_DEPRECATED_OBJC_IMPLEMENTATIONS = YES;
				CLANG_WARN_DIRECT_OBJC_ISA_USAGE = YES_ERROR;
				CLANG_WARN_DOCUMENTATION_COMMENTS = YES;
				CLANG_WARN_EMPTY_BODY = YES;
				CLANG_WARN_ENUM_CONVERSION = YES;
				CLANG_WARN_INFINITE_RECURSION = YES;
				CLANG_WARN_INT_CONVERSION = YES;
				CLANG_WARN_NON_LITERAL_NULL_CONVERSION = YES;
				CLANG_WARN_OBJC_IMPLICIT_RETAIN_SELF = YES;
				CLANG_WARN_OBJC_LITERAL_CONVERSION = YES;
				CLANG_WARN_OBJC_ROOT_CLASS = YES_ERROR;
				CLANG_WARN_QUOTED_INCLUDE_IN_FRAMEWORK_HEADER = YES;
				CLANG_WARN_RANGE_LOOP_ANALYSIS = YES;
				CLANG_WARN_STRICT_PROTOTYPES = YES;
				CLANG_WARN_SUSPICIOUS_MOVE = YES;
				CLANG_WARN_UNGUARDED_AVAILABILITY = YES_AGGRESSIVE;
				CLANG_WARN_UNREACHABLE_CODE = YES;
				CLANG_WARN__DUPLICATE_METHOD_MATCH = YES;
				COPY_PHASE_STRIP = NO;
				DEBUG_INFORMATION_FORMAT = dwarf;
				DEPLOYMENT_POSTPROCESSING = NO;
				ENABLE_STRICT_OBJC_MSGSEND = YES;
				ENABLE_TESTABILITY = YES;
				GCC_C_LANGUAGE_STANDARD = gnu11;
				GCC_DYNAMIC_NO_PIC = NO;
				GCC_NO_COMMON_BLOCKS = YES;
				GCC_OPTIMIZATION_LEVEL = 0;
				GCC_PREPROCESSOR_DEFINITIONS = (
					"DEBUG=1",
					"$(inherited)",
				);
				GCC_WARN_64_TO_32_BIT_CONVERSION = YES;
				GCC_WARN_ABOUT_RETURN_TYPE = YES_ERROR;
				GCC_WARN_UNDECLARED_SELECTOR = YES;
				GCC_WARN_UNINITIALIZED_AUTOS = YES_AGGRESSIVE;
				GCC_WARN_UNUSED_FUNCTION = YES;
				GCC_WARN_UNUSED_VARIABLE = YES;
				GENERATE_INFOPLIST_FILE = NO;
				IPHONEOS_DEPLOYMENT_TARGET = 16.0;
				MTL_ENABLE_DEBUG_INFO = INCLUDE_SOURCE;
				MTL_FAST_MATH = YES;
				ONLY_ACTIVE_ARCH = YES;
				SDKROOT = iphoneos;
				SWIFT_ACTIVE_COMPILATION_CONDITIONS = DEBUG;
				SWIFT_OPTIMIZATION_LEVEL = "-Onone";
			};
			name = Debug;
		};
		E4ABB7B2291EA78C00AE1E1D /* Release */ = {
			isa = XCBuildConfiguration;
			buildSettings = {
				ALWAYS_SEARCH_USER_PATHS = NO;
				CLANG_ANALYZER_NONNULL = YES;
				CLANG_ANALYZER_NUMBER_OBJECT_CONVERSION = YES_AGGRESSIVE;
				CLANG_CXX_LANGUAGE_STANDARD = "gnu++20";
				CLANG_ENABLE_MODULES = YES;
				CLANG_ENABLE_OBJC_ARC = YES;
				CLANG_ENABLE_OBJC_WEAK = YES;
				CLANG_WARN_BLOCK_CAPTURE_AUTORELEASING = YES;
				CLANG_WARN_BOOL_CONVERSION = YES;
				CLANG_WARN_COMMA = YES;
				CLANG_WARN_CONSTANT_CONVERSION = YES;
				CLANG_WARN_DEPRECATED_OBJC_IMPLEMENTATIONS = YES;
				CLANG_WARN_DIRECT_OBJC_ISA_USAGE = YES_ERROR;
				CLANG_WARN_DOCUMENTATION_COMMENTS = YES;
				CLANG_WARN_EMPTY_BODY = YES;
				CLANG_WARN_ENUM_CONVERSION = YES;
				CLANG_WARN_INFINITE_RECURSION = YES;
				CLANG_WARN_INT_CONVERSION = YES;
				CLANG_WARN_NON_LITERAL_NULL_CONVERSION = YES;
				CLANG_WARN_OBJC_IMPLICIT_RETAIN_SELF = YES;
				CLANG_WARN_OBJC_LITERAL_CONVERSION = YES;
				CLANG_WARN_OBJC_ROOT_CLASS = YES_ERROR;
				CLANG_WARN_QUOTED_INCLUDE_IN_FRAMEWORK_HEADER = YES;
				CLANG_WARN_RANGE_LOOP_ANALYSIS = YES;
				CLANG_WARN_STRICT_PROTOTYPES = YES;
				CLANG_WARN_SUSPICIOUS_MOVE = YES;
				CLANG_WARN_UNGUARDED_AVAILABILITY = YES_AGGRESSIVE;
				CLANG_WARN_UNREACHABLE_CODE = YES;
				CLANG_WARN__DUPLICATE_METHOD_MATCH = YES;
				COPY_PHASE_STRIP = NO;
				DEBUG_INFORMATION_FORMAT = "dwarf-with-dsym";
				DEPLOYMENT_POSTPROCESSING = NO;
				ENABLE_NS_ASSERTIONS = NO;
				ENABLE_STRICT_OBJC_MSGSEND = YES;
				GCC_C_LANGUAGE_STANDARD = gnu11;
				GCC_NO_COMMON_BLOCKS = YES;
				GCC_WARN_64_TO_32_BIT_CONVERSION = YES;
				GCC_WARN_ABOUT_RETURN_TYPE = YES_ERROR;
				GCC_WARN_UNDECLARED_SELECTOR = YES;
				GCC_WARN_UNINITIALIZED_AUTOS = YES_AGGRESSIVE;
				GCC_WARN_UNUSED_FUNCTION = YES;
				GCC_WARN_UNUSED_VARIABLE = YES;
				GENERATE_INFOPLIST_FILE = NO;
				IPHONEOS_DEPLOYMENT_TARGET = 16.0;
				MTL_ENABLE_DEBUG_INFO = NO;
				MTL_FAST_MATH = YES;
				SDKROOT = iphoneos;
				SWIFT_COMPILATION_MODE = wholemodule;
				SWIFT_OPTIMIZATION_LEVEL = "-O";
				VALIDATE_PRODUCT = YES;
			};
			name = Release;
		};
		E4ABB7B4291EA78C00AE1E1D /* Debug */ = {
			isa = XCBuildConfiguration;
			buildSettings = {
				ASSETCATALOG_COMPILER_APPICON_NAME = AppIcon;
				ASSETCATALOG_COMPILER_GLOBAL_ACCENT_COLOR_NAME = AccentColor;
				CODE_SIGN_ENTITLEMENTS = PyIDE/PyIDE.entitlements;
				CODE_SIGN_STYLE = Automatic;
				CURRENT_PROJECT_VERSION = 1;
				DEVELOPMENT_ASSET_PATHS = "\"PyIDE/Preview Content\"";
				DEVELOPMENT_TEAM = BUK8VS7CA6;
				ENABLE_PREVIEWS = YES;
				GENERATE_INFOPLIST_FILE = YES;
				INFOPLIST_FILE = PyIDE/Info.plist;
				INFOPLIST_KEY_UIApplicationSceneManifest_Generation = YES;
				INFOPLIST_KEY_UIApplicationSupportsIndirectInputEvents = YES;
				INFOPLIST_KEY_UILaunchScreen_Generation = YES;
				INFOPLIST_KEY_UISupportedInterfaceOrientations_iPad = "UIInterfaceOrientationPortrait UIInterfaceOrientationPortraitUpsideDown UIInterfaceOrientationLandscapeLeft UIInterfaceOrientationLandscapeRight";
				INFOPLIST_KEY_UISupportedInterfaceOrientations_iPhone = "UIInterfaceOrientationPortrait UIInterfaceOrientationLandscapeLeft UIInterfaceOrientationLandscapeRight";
				IPHONEOS_DEPLOYMENT_TARGET = 16.0;
				LD_RUNPATH_SEARCH_PATHS = (
					"$(inherited)",
					"@executable_path/Frameworks",
				);
				MARKETING_VERSION = 1.0;
				PRODUCT_BUNDLE_IDENTIFIER = danchopancho.PyIDE;
				PRODUCT_NAME = "$(TARGET_NAME)";
				SWIFT_EMIT_LOC_STRINGS = YES;
				SWIFT_VERSION = 5.0;
				TARGETED_DEVICE_FAMILY = "1,2";
			};
			name = Debug;
		};
		E4ABB7B5291EA78C00AE1E1D /* Release */ = {
			isa = XCBuildConfiguration;
			buildSettings = {
				ASSETCATALOG_COMPILER_APPICON_NAME = AppIcon;
				ASSETCATALOG_COMPILER_GLOBAL_ACCENT_COLOR_NAME = AccentColor;
				CODE_SIGN_ENTITLEMENTS = PyIDE/PyIDE.entitlements;
				CODE_SIGN_STYLE = Automatic;
				CURRENT_PROJECT_VERSION = 1;
				DEVELOPMENT_ASSET_PATHS = "\"PyIDE/Preview Content\"";
				DEVELOPMENT_TEAM = BUK8VS7CA6;
				ENABLE_PREVIEWS = YES;
				GENERATE_INFOPLIST_FILE = YES;
				INFOPLIST_FILE = PyIDE/Info.plist;
				INFOPLIST_KEY_UIApplicationSceneManifest_Generation = YES;
				INFOPLIST_KEY_UIApplicationSupportsIndirectInputEvents = YES;
				INFOPLIST_KEY_UILaunchScreen_Generation = YES;
				INFOPLIST_KEY_UISupportedInterfaceOrientations_iPad = "UIInterfaceOrientationPortrait UIInterfaceOrientationPortraitUpsideDown UIInterfaceOrientationLandscapeLeft UIInterfaceOrientationLandscapeRight";
				INFOPLIST_KEY_UISupportedInterfaceOrientations_iPhone = "UIInterfaceOrientationPortrait UIInterfaceOrientationLandscapeLeft UIInterfaceOrientationLandscapeRight";
				IPHONEOS_DEPLOYMENT_TARGET = 16.0;
				LD_RUNPATH_SEARCH_PATHS = (
					"$(inherited)",
					"@executable_path/Frameworks",
				);
				MARKETING_VERSION = 1.0;
				PRODUCT_BUNDLE_IDENTIFIER = danchopancho.PyIDE;
				PRODUCT_NAME = "$(TARGET_NAME)";
				SWIFT_EMIT_LOC_STRINGS = YES;
				SWIFT_VERSION = 5.0;
				TARGETED_DEVICE_FAMILY = "1,2";
			};
			name = Release;
		};
/* End XCBuildConfiguration section */

/* Begin XCConfigurationList section */
		E4ABB7A0291EA78A00AE1E1D /* Build configuration list for PBXProject "PyIDE" */ = {
			isa = XCConfigurationList;
			buildConfigurations = (
				E4ABB7B1291EA78C00AE1E1D /* Debug */,
				E4ABB7B2291EA78C00AE1E1D /* Release */,
			);
			defaultConfigurationIsVisible = 0;
			defaultConfigurationName = Release;
		};
		E4ABB7B3291EA78C00AE1E1D /* Build configuration list for PBXNativeTarget "PyIDE" */ = {
			isa = XCConfigurationList;
			buildConfigurations = (
				E4ABB7B4291EA78C00AE1E1D /* Debug */,
				E4ABB7B5291EA78C00AE1E1D /* Release */,
			);
			defaultConfigurationIsVisible = 0;
			defaultConfigurationName = Release;
		};
/* End XCConfigurationList section */
	};
	rootObject = E4ABB79D291EA78A00AE1E1D /* Project object */;
}
